
Microsoft Visual Studio Solution File, Format Version 12.00
# Visual Studio Version 17
VisualStudioVersion = 17.6.33829.357
MinimumVisualStudioVersion = 10.0.40219.1
Project("{9A19103F-16F7-4668-BE54-9A1E7A4F7556}") = "Labolatorium", "Labolatorium\Labolatorium.csproj", "{93D0EBFB-CD4B-47D5-9DD0-87D497910BF5}"
EndProject
Project("{FAE04EC0-301F-11D3-BF4B-00C04F79EFBC}") = "Labolatorium2", "Labolatorium2\Labolatorium2.csproj", "{32CAB4C1-7315-49B3-9EDC-015DA418ACB9}"
EndProject
Global
	GlobalSection(SolutionConfigurationPlatforms) = preSolution
		Debug|Any CPU = Debug|Any CPU
		Release|Any CPU = Release|Any CPU
	EndGlobalSection
	GlobalSection(ProjectConfigurationPlatforms) = postSolution
		{93D0EBFB-CD4B-47D5-9DD0-87D497910BF5}.Debug|Any CPU.ActiveCfg = Debug|Any CPU
		{93D0EBFB-CD4B-47D5-9DD0-87D497910BF5}.Debug|Any CPU.Build.0 = Debug|Any CPU
		{93D0EBFB-CD4B-47D5-9DD0-87D497910BF5}.Release|Any CPU.ActiveCfg = Release|Any CPU
		{93D0EBFB-CD4B-47D5-9DD0-87D497910BF5}.Release|Any CPU.Build.0 = Release|Any CPU
		{32CAB4C1-7315-49B3-9EDC-015DA418ACB9}.Debug|Any CPU.ActiveCfg = Debug|Any CPU
		{32CAB4C1-7315-49B3-9EDC-015DA418ACB9}.Debug|Any CPU.Build.0 = Debug|Any CPU
		{32CAB4C1-7315-49B3-9EDC-015DA418ACB9}.Release|Any CPU.ActiveCfg = Release|Any CPU
		{32CAB4C1-7315-49B3-9EDC-015DA418ACB9}.Release|Any CPU.Build.0 = Release|Any CPU
	EndGlobalSection
	GlobalSection(SolutionProperties) = preSolution
		HideSolutionNode = FALSE
	EndGlobalSection
	GlobalSection(ExtensibilityGlobals) = postSolution
		SolutionGuid = {EDB4D817-6EEF-4DEF-827E-3A60A4EF7254}
	EndGlobalSection
EndGlobal
